
Microsoft Visual Studio Solution File, Format Version 12.00
# Visual Studio Version 17
VisualStudioVersion = 17.0.31912.275
MinimumVisualStudioVersion = 10.0.40219.1
Project("{9A19103F-16F7-4668-BE54-9A1E7A4F7556}") = "Animescope", "Animescope\Animescope.csproj", "{B21E4B01-E19C-4749-B6DF-1EE4EAA76388}"
EndProject
Project("{2150E333-8FDC-42A3-9474-1A3956D46DE8}") = "Solution Items", "Solution Items", "{6B5B0F88-8164-411B-A8E3-269B70A0154D}"
	ProjectSection(SolutionItems) = preProject
		.editorconfig = .editorconfig
	EndProjectSection
EndProject
Global
	GlobalSection(SolutionConfigurationPlatforms) = preSolution
		Debug|Any CPU = Debug|Any CPU
		Release|Any CPU = Release|Any CPU
	EndGlobalSection
	GlobalSection(ProjectConfigurationPlatforms) = postSolution
		{B21E4B01-E19C-4749-B6DF-1EE4EAA76388}.Debug|Any CPU.ActiveCfg = Debug|Any CPU
		{B21E4B01-E19C-4749-B6DF-1EE4EAA76388}.Debug|Any CPU.Build.0 = Debug|Any CPU
		{B21E4B01-E19C-4749-B6DF-1EE4EAA76388}.Release|Any CPU.ActiveCfg = Release|Any CPU
		{B21E4B01-E19C-4749-B6DF-1EE4EAA76388}.Release|Any CPU.Build.0 = Release|Any CPU
	EndGlobalSection
	GlobalSection(SolutionProperties) = preSolution
		HideSolutionNode = FALSE
	EndGlobalSection
	GlobalSection(ExtensibilityGlobals) = postSolution
		SolutionGuid = {BD49DF03-C043-43A1-AFB7-178AC146A2B3}
	EndGlobalSection
EndGlobal
